
Microsoft Visual Studio Solution File, Format Version 12.00
# Visual Studio Version 16
VisualStudioVersion = 16.0.808.3
MinimumVisualStudioVersion = 10.0.40219.1
Project("{FAE04EC0-301F-11D3-BF4B-00C04F79EFBC}") = "ResistorColorTrio", "ResistorColorTrio.csproj", "{4282942D-4F69-47B8-BDAD-85CF1605DD3A}"
EndProject
Global
	GlobalSection(SolutionConfigurationPlatforms) = preSolution
		Debug|Any CPU = Debug|Any CPU
		Release|Any CPU = Release|Any CPU
	EndGlobalSection
	GlobalSection(ProjectConfigurationPlatforms) = postSolution
		{4282942D-4F69-47B8-BDAD-85CF1605DD3A}.Debug|Any CPU.ActiveCfg = Debug|Any CPU
		{4282942D-4F69-47B8-BDAD-85CF1605DD3A}.Debug|Any CPU.Build.0 = Debug|Any CPU
		{4282942D-4F69-47B8-BDAD-85CF1605DD3A}.Release|Any CPU.ActiveCfg = Release|Any CPU
		{4282942D-4F69-47B8-BDAD-85CF1605DD3A}.Release|Any CPU.Build.0 = Release|Any CPU
	EndGlobalSection
	GlobalSection(SolutionProperties) = preSolution
		HideSolutionNode = FALSE
	EndGlobalSection
	GlobalSection(ExtensibilityGlobals) = postSolution
		SolutionGuid = {50276170-12CF-46FF-AEF9-B2C2F835C2E8}
	EndGlobalSection
EndGlobal
